
Microsoft Visual Studio Solution File, Format Version 12.00
# Visual Studio Version 17
VisualStudioVersion = 17.0.32014.148
MinimumVisualStudioVersion = 10.0.40219.1
Project("{9A19103F-16F7-4668-BE54-9A1E7A4F7556}") = "GeneticCars.UI.Web", "GeneticCars.UI.Web\GeneticCars.UI.Web.csproj", "{2495271A-E4A1-4B0C-A6E0-FA635C97CDEE}"
EndProject
Project("{FAE04EC0-301F-11D3-BF4B-00C04F79EFBC}") = "GeneticCars.Models", "GeneticCars.Models\GeneticCars.Models.csproj", "{666DC62B-DA4C-4C2E-B270-6C90F97F977C}"
EndProject
Global
	GlobalSection(SolutionConfigurationPlatforms) = preSolution
		Debug|Any CPU = Debug|Any CPU
		Release|Any CPU = Release|Any CPU
	EndGlobalSection
	GlobalSection(ProjectConfigurationPlatforms) = postSolution
		{2495271A-E4A1-4B0C-A6E0-FA635C97CDEE}.Debug|Any CPU.ActiveCfg = Debug|Any CPU
		{2495271A-E4A1-4B0C-A6E0-FA635C97CDEE}.Debug|Any CPU.Build.0 = Debug|Any CPU
		{2495271A-E4A1-4B0C-A6E0-FA635C97CDEE}.Release|Any CPU.ActiveCfg = Release|Any CPU
		{2495271A-E4A1-4B0C-A6E0-FA635C97CDEE}.Release|Any CPU.Build.0 = Release|Any CPU
		{666DC62B-DA4C-4C2E-B270-6C90F97F977C}.Debug|Any CPU.ActiveCfg = Debug|Any CPU
		{666DC62B-DA4C-4C2E-B270-6C90F97F977C}.Debug|Any CPU.Build.0 = Debug|Any CPU
		{666DC62B-DA4C-4C2E-B270-6C90F97F977C}.Release|Any CPU.ActiveCfg = Release|Any CPU
		{666DC62B-DA4C-4C2E-B270-6C90F97F977C}.Release|Any CPU.Build.0 = Release|Any CPU
	EndGlobalSection
	GlobalSection(SolutionProperties) = preSolution
		HideSolutionNode = FALSE
	EndGlobalSection
	GlobalSection(ExtensibilityGlobals) = postSolution
		SolutionGuid = {F40596D8-4CF3-4D65-8335-F84F25E0780E}
	EndGlobalSection
EndGlobal
